
Microsoft Visual Studio Solution File, Format Version 12.00
# Visual Studio Version 16
VisualStudioVersion = 16.0.29609.76
MinimumVisualStudioVersion = 15.0.26124.0
Project("{9A19103F-16F7-4668-BE54-9A1E7A4F7556}") = "AspNetCoreDemo.DemoWeb", "AspNetCoreDemo.DemoWeb\AspNetCoreDemo.DemoWeb.csproj", "{AA929C85-1ACD-42F3-A9FA-7388EE528BE8}"
EndProject
Project("{9A19103F-16F7-4668-BE54-9A1E7A4F7556}") = "AspNetCoreDemo.ShareWebFramework", "..\framework\AspNetCoreDemo.ShareWebFramework\AspNetCoreDemo.ShareWebFramework.csproj", "{43819FAC-6E42-4F57-9E17-959F5D06E149}"
EndProject
Project("{9A19103F-16F7-4668-BE54-9A1E7A4F7556}") = "AspNetCoreDemo.ShareFramework", "..\framework\AspNetCoreDemo.ShareFramework\AspNetCoreDemo.ShareFramework.csproj", "{C7802D96-322B-4D6F-840B-989640938AEC}"
EndProject
Global
	GlobalSection(SolutionConfigurationPlatforms) = preSolution
		Debug|Any CPU = Debug|Any CPU
		Release|Any CPU = Release|Any CPU
	EndGlobalSection
	GlobalSection(ProjectConfigurationPlatforms) = postSolution
		{AA929C85-1ACD-42F3-A9FA-7388EE528BE8}.Debug|Any CPU.ActiveCfg = Debug|Any CPU
		{AA929C85-1ACD-42F3-A9FA-7388EE528BE8}.Debug|Any CPU.Build.0 = Debug|Any CPU
		{AA929C85-1ACD-42F3-A9FA-7388EE528BE8}.Release|Any CPU.ActiveCfg = Release|Any CPU
		{AA929C85-1ACD-42F3-A9FA-7388EE528BE8}.Release|Any CPU.Build.0 = Release|Any CPU
		{43819FAC-6E42-4F57-9E17-959F5D06E149}.Debug|Any CPU.ActiveCfg = Debug|Any CPU
		{43819FAC-6E42-4F57-9E17-959F5D06E149}.Debug|Any CPU.Build.0 = Debug|Any CPU
		{43819FAC-6E42-4F57-9E17-959F5D06E149}.Release|Any CPU.ActiveCfg = Release|Any CPU
		{43819FAC-6E42-4F57-9E17-959F5D06E149}.Release|Any CPU.Build.0 = Release|Any CPU
		{C7802D96-322B-4D6F-840B-989640938AEC}.Debug|Any CPU.ActiveCfg = Debug|Any CPU
		{C7802D96-322B-4D6F-840B-989640938AEC}.Debug|Any CPU.Build.0 = Debug|Any CPU
		{C7802D96-322B-4D6F-840B-989640938AEC}.Release|Any CPU.ActiveCfg = Release|Any CPU
		{C7802D96-322B-4D6F-840B-989640938AEC}.Release|Any CPU.Build.0 = Release|Any CPU
	EndGlobalSection
	GlobalSection(SolutionProperties) = preSolution
		HideSolutionNode = FALSE
	EndGlobalSection
	GlobalSection(ExtensibilityGlobals) = postSolution
		SolutionGuid = {15C3CCEC-3A0C-40B5-99BC-E165DE8EDD64}
	EndGlobalSection
EndGlobal
